
Microsoft Visual Studio Solution File, Format Version 12.00
# Visual Studio Version 16
VisualStudioVersion = 16.0.31105.61
MinimumVisualStudioVersion = 10.0.40219.1
Project("{9A19103F-16F7-4668-BE54-9A1E7A4F7556}") = "coreCodeFirstApproach", "coreCodeFirstApproach\coreCodeFirstApproach.csproj", "{88A16D35-C983-4218-A04D-EDAA22AF4A6B}"
EndProject
Project("{FAE04EC0-301F-11D3-BF4B-00C04F79EFBC}") = "coreEntityFramework", "coreEntityFramework\coreEntityFramework.csproj", "{0642CF0A-DCA5-4B3B-BF4B-45732261A832}"
EndProject
Global
	GlobalSection(SolutionConfigurationPlatforms) = preSolution
		Debug|Any CPU = Debug|Any CPU
		Release|Any CPU = Release|Any CPU
	EndGlobalSection
	GlobalSection(ProjectConfigurationPlatforms) = postSolution
		{88A16D35-C983-4218-A04D-EDAA22AF4A6B}.Debug|Any CPU.ActiveCfg = Debug|Any CPU
		{88A16D35-C983-4218-A04D-EDAA22AF4A6B}.Debug|Any CPU.Build.0 = Debug|Any CPU
		{88A16D35-C983-4218-A04D-EDAA22AF4A6B}.Release|Any CPU.ActiveCfg = Release|Any CPU
		{88A16D35-C983-4218-A04D-EDAA22AF4A6B}.Release|Any CPU.Build.0 = Release|Any CPU
		{0642CF0A-DCA5-4B3B-BF4B-45732261A832}.Debug|Any CPU.ActiveCfg = Debug|Any CPU
		{0642CF0A-DCA5-4B3B-BF4B-45732261A832}.Debug|Any CPU.Build.0 = Debug|Any CPU
		{0642CF0A-DCA5-4B3B-BF4B-45732261A832}.Release|Any CPU.ActiveCfg = Release|Any CPU
		{0642CF0A-DCA5-4B3B-BF4B-45732261A832}.Release|Any CPU.Build.0 = Release|Any CPU
	EndGlobalSection
	GlobalSection(SolutionProperties) = preSolution
		HideSolutionNode = FALSE
	EndGlobalSection
	GlobalSection(ExtensibilityGlobals) = postSolution
		SolutionGuid = {1A4E9AD5-D0EA-4DFA-A1A3-C149F3F1F393}
	EndGlobalSection
EndGlobal
