
Microsoft Visual Studio Solution File, Format Version 12.00
# Visual Studio Version 16
VisualStudioVersion = 16.0.31105.61
MinimumVisualStudioVersion = 10.0.40219.1
Project("{FAE04EC0-301F-11D3-BF4B-00C04F79EFBC}") = "SessionTwo_WebApplicationFundamentals", "SessionTwo_WebApplicationFundamentals\SessionTwo_WebApplicationFundamentals.csproj", "{6559D911-6EFB-4885-8BDB-8BA4AB57F53D}"
EndProject
Global
	GlobalSection(SolutionConfigurationPlatforms) = preSolution
		Debug|Any CPU = Debug|Any CPU
		Release|Any CPU = Release|Any CPU
	EndGlobalSection
	GlobalSection(ProjectConfigurationPlatforms) = postSolution
		{6559D911-6EFB-4885-8BDB-8BA4AB57F53D}.Debug|Any CPU.ActiveCfg = Debug|Any CPU
		{6559D911-6EFB-4885-8BDB-8BA4AB57F53D}.Debug|Any CPU.Build.0 = Debug|Any CPU
		{6559D911-6EFB-4885-8BDB-8BA4AB57F53D}.Release|Any CPU.ActiveCfg = Release|Any CPU
		{6559D911-6EFB-4885-8BDB-8BA4AB57F53D}.Release|Any CPU.Build.0 = Release|Any CPU
	EndGlobalSection
	GlobalSection(SolutionProperties) = preSolution
		HideSolutionNode = FALSE
	EndGlobalSection
	GlobalSection(ExtensibilityGlobals) = postSolution
		SolutionGuid = {7BD1A6F4-5385-4809-973E-DA416013637D}
	EndGlobalSection
EndGlobal
