
Microsoft Visual Studio Solution File, Format Version 12.00
# Visual Studio Version 16
VisualStudioVersion = 16.0.31105.61
MinimumVisualStudioVersion = 10.0.40219.1
Project("{9A19103F-16F7-4668-BE54-9A1E7A4F7556}") = "coreDatabaseFirstFundamentals", "coreDatabaseFirstFundamentals\coreDatabaseFirstFundamentals.csproj", "{73FE5E35-30D6-4F6C-9B43-73A5494E17E8}"
EndProject
Project("{FAE04EC0-301F-11D3-BF4B-00C04F79EFBC}") = "coreUserPortal", "coreUserPortal\coreUserPortal.csproj", "{F2C637AA-DB72-4EB3-A8E8-CC7FA6D59E3D}"
EndProject
Global
	GlobalSection(SolutionConfigurationPlatforms) = preSolution
		Debug|Any CPU = Debug|Any CPU
		Release|Any CPU = Release|Any CPU
	EndGlobalSection
	GlobalSection(ProjectConfigurationPlatforms) = postSolution
		{73FE5E35-30D6-4F6C-9B43-73A5494E17E8}.Debug|Any CPU.ActiveCfg = Debug|Any CPU
		{73FE5E35-30D6-4F6C-9B43-73A5494E17E8}.Debug|Any CPU.Build.0 = Debug|Any CPU
		{73FE5E35-30D6-4F6C-9B43-73A5494E17E8}.Release|Any CPU.ActiveCfg = Release|Any CPU
		{73FE5E35-30D6-4F6C-9B43-73A5494E17E8}.Release|Any CPU.Build.0 = Release|Any CPU
		{F2C637AA-DB72-4EB3-A8E8-CC7FA6D59E3D}.Debug|Any CPU.ActiveCfg = Debug|Any CPU
		{F2C637AA-DB72-4EB3-A8E8-CC7FA6D59E3D}.Debug|Any CPU.Build.0 = Debug|Any CPU
		{F2C637AA-DB72-4EB3-A8E8-CC7FA6D59E3D}.Release|Any CPU.ActiveCfg = Release|Any CPU
		{F2C637AA-DB72-4EB3-A8E8-CC7FA6D59E3D}.Release|Any CPU.Build.0 = Release|Any CPU
	EndGlobalSection
	GlobalSection(SolutionProperties) = preSolution
		HideSolutionNode = FALSE
	EndGlobalSection
	GlobalSection(ExtensibilityGlobals) = postSolution
		SolutionGuid = {D76E887A-4C2D-45DC-AF22-6D669FA4AAF3}
	EndGlobalSection
EndGlobal
