
Microsoft Visual Studio Solution File, Format Version 12.00
# Visual Studio Version 16
VisualStudioVersion = 16.0.31105.61
MinimumVisualStudioVersion = 10.0.40219.1
Project("{9A19103F-16F7-4668-BE54-9A1E7A4F7556}") = "LoginLogoutWithSessionManagement", "LoginLogoutWithSessionManagement\LoginLogoutWithSessionManagement.csproj", "{9CCBD8B6-EFE9-4E0E-BCCE-826F7065EB47}"
EndProject
Project("{9A19103F-16F7-4668-BE54-9A1E7A4F7556}") = "coreAuthenticationProject", "coreAuthenticationProject\coreAuthenticationProject.csproj", "{439B2471-1639-40CB-8569-25D81E96B13E}"
EndProject
Project("{FAE04EC0-301F-11D3-BF4B-00C04F79EFBC}") = "EntityFrameworkCoreGuideProject", "EntityFrameworkCoreGuideProject\EntityFrameworkCoreGuideProject.csproj", "{6385D747-D25C-41E8-9A93-10CAB7B26587}"
EndProject
Global
	GlobalSection(SolutionConfigurationPlatforms) = preSolution
		Debug|Any CPU = Debug|Any CPU
		Release|Any CPU = Release|Any CPU
	EndGlobalSection
	GlobalSection(ProjectConfigurationPlatforms) = postSolution
		{9CCBD8B6-EFE9-4E0E-BCCE-826F7065EB47}.Debug|Any CPU.ActiveCfg = Debug|Any CPU
		{9CCBD8B6-EFE9-4E0E-BCCE-826F7065EB47}.Debug|Any CPU.Build.0 = Debug|Any CPU
		{9CCBD8B6-EFE9-4E0E-BCCE-826F7065EB47}.Release|Any CPU.ActiveCfg = Release|Any CPU
		{9CCBD8B6-EFE9-4E0E-BCCE-826F7065EB47}.Release|Any CPU.Build.0 = Release|Any CPU
		{439B2471-1639-40CB-8569-25D81E96B13E}.Debug|Any CPU.ActiveCfg = Debug|Any CPU
		{439B2471-1639-40CB-8569-25D81E96B13E}.Debug|Any CPU.Build.0 = Debug|Any CPU
		{439B2471-1639-40CB-8569-25D81E96B13E}.Release|Any CPU.ActiveCfg = Release|Any CPU
		{439B2471-1639-40CB-8569-25D81E96B13E}.Release|Any CPU.Build.0 = Release|Any CPU
		{6385D747-D25C-41E8-9A93-10CAB7B26587}.Debug|Any CPU.ActiveCfg = Debug|Any CPU
		{6385D747-D25C-41E8-9A93-10CAB7B26587}.Debug|Any CPU.Build.0 = Debug|Any CPU
		{6385D747-D25C-41E8-9A93-10CAB7B26587}.Release|Any CPU.ActiveCfg = Release|Any CPU
		{6385D747-D25C-41E8-9A93-10CAB7B26587}.Release|Any CPU.Build.0 = Release|Any CPU
	EndGlobalSection
	GlobalSection(SolutionProperties) = preSolution
		HideSolutionNode = FALSE
	EndGlobalSection
	GlobalSection(ExtensibilityGlobals) = postSolution
		SolutionGuid = {3C18F985-9F61-4849-A215-E0FC8092314C}
	EndGlobalSection
EndGlobal
